// !$*UTF8*$!
{
	archiveVersion = 1;
	classes = {
	};
	objectVersion = 56;
	objects = {

/* Begin PBXBuildFile section */
		7D242A4B2989F0E200B77902 /* SongCard.swift in Sources */ = {isa = PBXBuildFile; fileRef = 7D242A4A2989F0E200B77902 /* SongCard.swift */; };
		7D242A4D2989FD0F00B77902 /* Feed.swift in Sources */ = {isa = PBXBuildFile; fileRef = 7D242A4C2989FD0F00B77902 /* Feed.swift */; };
		7DBE28B4297F30BF00A6DB06 /* TuneInApp.swift in Sources */ = {isa = PBXBuildFile; fileRef = 7DBE28B3297F30BF00A6DB06 /* TuneInApp.swift */; };
		7DBE28B6297F30BF00A6DB06 /* ContentView.swift in Sources */ = {isa = PBXBuildFile; fileRef = 7DBE28B5297F30BF00A6DB06 /* ContentView.swift */; };
		7DBE28B8297F30C000A6DB06 /* Assets.xcassets in Resources */ = {isa = PBXBuildFile; fileRef = 7DBE28B7297F30C000A6DB06 /* Assets.xcassets */; };
		7DBE28BB297F30C000A6DB06 /* Preview Assets.xcassets in Resources */ = {isa = PBXBuildFile; fileRef = 7DBE28BA297F30C000A6DB06 /* Preview Assets.xcassets */; };
		7DBE28C5297F30C100A6DB06 /* TuneInTests.swift in Sources */ = {isa = PBXBuildFile; fileRef = 7DBE28C4297F30C100A6DB06 /* TuneInTests.swift */; };
		7DBE28CF297F30C100A6DB06 /* TuneInUITests.swift in Sources */ = {isa = PBXBuildFile; fileRef = 7DBE28CE297F30C100A6DB06 /* TuneInUITests.swift */; };
		7DBE28D1297F30C100A6DB06 /* TuneInUITestsLaunchTests.swift in Sources */ = {isa = PBXBuildFile; fileRef = 7DBE28D0297F30C100A6DB06 /* TuneInUITestsLaunchTests.swift */; };
		7DBE28E1297F33F500A6DB06 /* GoogleService-Info.plist in Resources */ = {isa = PBXBuildFile; fileRef = 7DBE28E0297F33F500A6DB06 /* GoogleService-Info.plist */; };
		7DBE28E4297F348800A6DB06 /* FirebaseAnalytics in Frameworks */ = {isa = PBXBuildFile; productRef = 7DBE28E3297F348800A6DB06 /* FirebaseAnalytics */; };
		7DBE28E6297F348800A6DB06 /* FirebaseAnalyticsOnDeviceConversion in Frameworks */ = {isa = PBXBuildFile; productRef = 7DBE28E5297F348800A6DB06 /* FirebaseAnalyticsOnDeviceConversion */; };
		7DBE28E8297F348800A6DB06 /* FirebaseAnalyticsSwift in Frameworks */ = {isa = PBXBuildFile; productRef = 7DBE28E7297F348800A6DB06 /* FirebaseAnalyticsSwift */; };
		7DBE28EA297F348800A6DB06 /* FirebaseAnalyticsWithoutAdIdSupport in Frameworks */ = {isa = PBXBuildFile; productRef = 7DBE28E9297F348800A6DB06 /* FirebaseAnalyticsWithoutAdIdSupport */; };
		7DBE28EC297F348800A6DB06 /* FirebaseAppCheck in Frameworks */ = {isa = PBXBuildFile; productRef = 7DBE28EB297F348800A6DB06 /* FirebaseAppCheck */; };
		7DBE28EE297F348800A6DB06 /* FirebaseAppDistribution-Beta in Frameworks */ = {isa = PBXBuildFile; productRef = 7DBE28ED297F348800A6DB06 /* FirebaseAppDistribution-Beta */; };
		7DBE28F0297F348800A6DB06 /* FirebaseAuth in Frameworks */ = {isa = PBXBuildFile; productRef = 7DBE28EF297F348800A6DB06 /* FirebaseAuth */; };
		7DBE28F2297F348800A6DB06 /* FirebaseAuthCombine-Community in Frameworks */ = {isa = PBXBuildFile; productRef = 7DBE28F1297F348800A6DB06 /* FirebaseAuthCombine-Community */; };
		7DBE28F4297F348800A6DB06 /* FirebaseCrashlytics in Frameworks */ = {isa = PBXBuildFile; productRef = 7DBE28F3297F348800A6DB06 /* FirebaseCrashlytics */; };
		7DBE28F6297F348800A6DB06 /* FirebaseDatabase in Frameworks */ = {isa = PBXBuildFile; productRef = 7DBE28F5297F348800A6DB06 /* FirebaseDatabase */; };
		7DBE28F8297F348800A6DB06 /* FirebaseDatabaseSwift in Frameworks */ = {isa = PBXBuildFile; productRef = 7DBE28F7297F348800A6DB06 /* FirebaseDatabaseSwift */; };
		7DBE28FA297F348800A6DB06 /* FirebaseDynamicLinks in Frameworks */ = {isa = PBXBuildFile; productRef = 7DBE28F9297F348800A6DB06 /* FirebaseDynamicLinks */; };
		7DBE28FC297F348800A6DB06 /* FirebaseFirestore in Frameworks */ = {isa = PBXBuildFile; productRef = 7DBE28FB297F348800A6DB06 /* FirebaseFirestore */; };
		7DBE28FE297F348800A6DB06 /* FirebaseFirestoreCombine-Community in Frameworks */ = {isa = PBXBuildFile; productRef = 7DBE28FD297F348800A6DB06 /* FirebaseFirestoreCombine-Community */; };
		7DBE2900297F348800A6DB06 /* FirebaseFirestoreSwift in Frameworks */ = {isa = PBXBuildFile; productRef = 7DBE28FF297F348800A6DB06 /* FirebaseFirestoreSwift */; };
		7DBE2902297F348800A6DB06 /* FirebaseFunctions in Frameworks */ = {isa = PBXBuildFile; productRef = 7DBE2901297F348800A6DB06 /* FirebaseFunctions */; };
		7DBE2904297F348800A6DB06 /* FirebaseFunctionsCombine-Community in Frameworks */ = {isa = PBXBuildFile; productRef = 7DBE2903297F348800A6DB06 /* FirebaseFunctionsCombine-Community */; };
		7DBE2906297F348800A6DB06 /* FirebaseInAppMessaging-Beta in Frameworks */ = {isa = PBXBuildFile; productRef = 7DBE2905297F348800A6DB06 /* FirebaseInAppMessaging-Beta */; };
		7DBE2908297F348800A6DB06 /* FirebaseInAppMessagingSwift-Beta in Frameworks */ = {isa = PBXBuildFile; productRef = 7DBE2907297F348800A6DB06 /* FirebaseInAppMessagingSwift-Beta */; };
		7DBE290A297F348800A6DB06 /* FirebaseInstallations in Frameworks */ = {isa = PBXBuildFile; productRef = 7DBE2909297F348800A6DB06 /* FirebaseInstallations */; };
		7DBE290C297F348800A6DB06 /* FirebaseMLModelDownloader in Frameworks */ = {isa = PBXBuildFile; productRef = 7DBE290B297F348800A6DB06 /* FirebaseMLModelDownloader */; };
		7DBE290E297F348800A6DB06 /* FirebaseMessaging in Frameworks */ = {isa = PBXBuildFile; productRef = 7DBE290D297F348800A6DB06 /* FirebaseMessaging */; };
		7DBE2910297F348800A6DB06 /* FirebasePerformance in Frameworks */ = {isa = PBXBuildFile; productRef = 7DBE290F297F348800A6DB06 /* FirebasePerformance */; };
		7DBE2912297F348800A6DB06 /* FirebaseRemoteConfig in Frameworks */ = {isa = PBXBuildFile; productRef = 7DBE2911297F348800A6DB06 /* FirebaseRemoteConfig */; };
		7DBE2914297F348800A6DB06 /* FirebaseRemoteConfigSwift in Frameworks */ = {isa = PBXBuildFile; productRef = 7DBE2913297F348800A6DB06 /* FirebaseRemoteConfigSwift */; };
		7DBE2916297F348800A6DB06 /* FirebaseStorage in Frameworks */ = {isa = PBXBuildFile; productRef = 7DBE2915297F348800A6DB06 /* FirebaseStorage */; };
		7DBE2918297F348800A6DB06 /* FirebaseStorageCombine-Community in Frameworks */ = {isa = PBXBuildFile; productRef = 7DBE2917297F348800A6DB06 /* FirebaseStorageCombine-Community */; };
		7DBE291A297F3ABF00A6DB06 /* LogIn.swift in Sources */ = {isa = PBXBuildFile; fileRef = 7DBE2919297F3ABF00A6DB06 /* LogIn.swift */; };
		7DBE292E297F3C2500A6DB06 /* Poppins-Medium.ttf in Resources */ = {isa = PBXBuildFile; fileRef = 7DBE291C297F3C2200A6DB06 /* Poppins-Medium.ttf */; };
		7DBE292F297F3C2500A6DB06 /* Poppins-BlackItalic.ttf in Resources */ = {isa = PBXBuildFile; fileRef = 7DBE291D297F3C2200A6DB06 /* Poppins-BlackItalic.ttf */; };
		7DBE2930297F3C2500A6DB06 /* Poppins-SemiBold.ttf in Resources */ = {isa = PBXBuildFile; fileRef = 7DBE291E297F3C2200A6DB06 /* Poppins-SemiBold.ttf */; };
		7DBE2931297F3C2500A6DB06 /* Poppins-SemiBoldItalic.ttf in Resources */ = {isa = PBXBuildFile; fileRef = 7DBE291F297F3C2200A6DB06 /* Poppins-SemiBoldItalic.ttf */; };
		7DBE2932297F3C2500A6DB06 /* Poppins-Bold.ttf in Resources */ = {isa = PBXBuildFile; fileRef = 7DBE2920297F3C2200A6DB06 /* Poppins-Bold.ttf */; };
		7DBE2933297F3C2500A6DB06 /* Poppins-ExtraBoldItalic.ttf in Resources */ = {isa = PBXBuildFile; fileRef = 7DBE2921297F3C2200A6DB06 /* Poppins-ExtraBoldItalic.ttf */; };
		7DBE2934297F3C2500A6DB06 /* Poppins-BoldItalic.ttf in Resources */ = {isa = PBXBuildFile; fileRef = 7DBE2922297F3C2200A6DB06 /* Poppins-BoldItalic.ttf */; };
		7DBE2935297F3C2500A6DB06 /* Poppins-ExtraLight.ttf in Resources */ = {isa = PBXBuildFile; fileRef = 7DBE2923297F3C2300A6DB06 /* Poppins-ExtraLight.ttf */; };
		7DBE2936297F3C2500A6DB06 /* Poppins-MediumItalic.ttf in Resources */ = {isa = PBXBuildFile; fileRef = 7DBE2924297F3C2400A6DB06 /* Poppins-MediumItalic.ttf */; };
		7DBE2937297F3C2500A6DB06 /* Poppins-Thin.ttf in Resources */ = {isa = PBXBuildFile; fileRef = 7DBE2925297F3C2400A6DB06 /* Poppins-Thin.ttf */; };
		7DBE2938297F3C2500A6DB06 /* Poppins-ExtraBold.ttf in Resources */ = {isa = PBXBuildFile; fileRef = 7DBE2926297F3C2400A6DB06 /* Poppins-ExtraBold.ttf */; };
		7DBE2939297F3C2500A6DB06 /* Poppins-Light.ttf in Resources */ = {isa = PBXBuildFile; fileRef = 7DBE2927297F3C2400A6DB06 /* Poppins-Light.ttf */; };
		7DBE293A297F3C2500A6DB06 /* Poppins-Regular.ttf in Resources */ = {isa = PBXBuildFile; fileRef = 7DBE2928297F3C2400A6DB06 /* Poppins-Regular.ttf */; };
		7DBE293B297F3C2500A6DB06 /* Poppins-ExtraLightItalic.ttf in Resources */ = {isa = PBXBuildFile; fileRef = 7DBE2929297F3C2400A6DB06 /* Poppins-ExtraLightItalic.ttf */; };
		7DBE293C297F3C2500A6DB06 /* Poppins-LightItalic.ttf in Resources */ = {isa = PBXBuildFile; fileRef = 7DBE292A297F3C2400A6DB06 /* Poppins-LightItalic.ttf */; };
		7DBE293D297F3C2500A6DB06 /* Poppins-Black.ttf in Resources */ = {isa = PBXBuildFile; fileRef = 7DBE292B297F3C2400A6DB06 /* Poppins-Black.ttf */; };
		7DBE293E297F3C2500A6DB06 /* Poppins-Italic.ttf in Resources */ = {isa = PBXBuildFile; fileRef = 7DBE292C297F3C2400A6DB06 /* Poppins-Italic.ttf */; };
		7DBE293F297F3C2500A6DB06 /* Poppins-ThinItalic.ttf in Resources */ = {isa = PBXBuildFile; fileRef = 7DBE292D297F3C2500A6DB06 /* Poppins-ThinItalic.ttf */; };
		7DBE2944297F4F8600A6DB06 /* Settings.swift in Sources */ = {isa = PBXBuildFile; fileRef = 7DBE2943297F4F8600A6DB06 /* Settings.swift */; };
		7DBE2946297F50E100A6DB06 /* FindFriends.swift in Sources */ = {isa = PBXBuildFile; fileRef = 7DBE2945297F50E100A6DB06 /* FindFriends.swift */; };
		B46B427A2981A74A00DFB1D1 /* EditProfile.swift in Sources */ = {isa = PBXBuildFile; fileRef = B46B42792981A74A00DFB1D1 /* EditProfile.swift */; };
/* End PBXBuildFile section */

/* Begin PBXContainerItemProxy section */
		7DBE28C1297F30C100A6DB06 /* PBXContainerItemProxy */ = {
			isa = PBXContainerItemProxy;
			containerPortal = 7DBE28A8297F30BF00A6DB06 /* Project object */;
			proxyType = 1;
			remoteGlobalIDString = 7DBE28AF297F30BF00A6DB06;
			remoteInfo = TuneIn;
		};
		7DBE28CB297F30C100A6DB06 /* PBXContainerItemProxy */ = {
			isa = PBXContainerItemProxy;
			containerPortal = 7DBE28A8297F30BF00A6DB06 /* Project object */;
			proxyType = 1;
			remoteGlobalIDString = 7DBE28AF297F30BF00A6DB06;
			remoteInfo = TuneIn;
		};
/* End PBXContainerItemProxy section */

/* Begin PBXFileReference section */
		7D242A4A2989F0E200B77902 /* SongCard.swift */ = {isa = PBXFileReference; lastKnownFileType = sourcecode.swift; path = SongCard.swift; sourceTree = "<group>"; };
		7D242A4C2989FD0F00B77902 /* Feed.swift */ = {isa = PBXFileReference; lastKnownFileType = sourcecode.swift; path = Feed.swift; sourceTree = "<group>"; };
		7DBE28B0297F30BF00A6DB06 /* TuneIn.app */ = {isa = PBXFileReference; explicitFileType = wrapper.application; includeInIndex = 0; path = TuneIn.app; sourceTree = BUILT_PRODUCTS_DIR; };
		7DBE28B3297F30BF00A6DB06 /* TuneInApp.swift */ = {isa = PBXFileReference; lastKnownFileType = sourcecode.swift; path = TuneInApp.swift; sourceTree = "<group>"; };
		7DBE28B5297F30BF00A6DB06 /* ContentView.swift */ = {isa = PBXFileReference; lastKnownFileType = sourcecode.swift; path = ContentView.swift; sourceTree = "<group>"; };
		7DBE28B7297F30C000A6DB06 /* Assets.xcassets */ = {isa = PBXFileReference; lastKnownFileType = folder.assetcatalog; path = Assets.xcassets; sourceTree = "<group>"; };
		7DBE28BA297F30C000A6DB06 /* Preview Assets.xcassets */ = {isa = PBXFileReference; lastKnownFileType = folder.assetcatalog; path = "Preview Assets.xcassets"; sourceTree = "<group>"; };
		7DBE28C0297F30C100A6DB06 /* TuneInTests.xctest */ = {isa = PBXFileReference; explicitFileType = wrapper.cfbundle; includeInIndex = 0; path = TuneInTests.xctest; sourceTree = BUILT_PRODUCTS_DIR; };
		7DBE28C4297F30C100A6DB06 /* TuneInTests.swift */ = {isa = PBXFileReference; lastKnownFileType = sourcecode.swift; path = TuneInTests.swift; sourceTree = "<group>"; };
		7DBE28CA297F30C100A6DB06 /* TuneInUITests.xctest */ = {isa = PBXFileReference; explicitFileType = wrapper.cfbundle; includeInIndex = 0; path = TuneInUITests.xctest; sourceTree = BUILT_PRODUCTS_DIR; };
		7DBE28CE297F30C100A6DB06 /* TuneInUITests.swift */ = {isa = PBXFileReference; lastKnownFileType = sourcecode.swift; path = TuneInUITests.swift; sourceTree = "<group>"; };
		7DBE28D0297F30C100A6DB06 /* TuneInUITestsLaunchTests.swift */ = {isa = PBXFileReference; lastKnownFileType = sourcecode.swift; path = TuneInUITestsLaunchTests.swift; sourceTree = "<group>"; };
		7DBE28E0297F33F500A6DB06 /* GoogleService-Info.plist */ = {isa = PBXFileReference; fileEncoding = 4; lastKnownFileType = text.plist.xml; path = "GoogleService-Info.plist"; sourceTree = "<group>"; };
		7DBE2919297F3ABF00A6DB06 /* LogIn.swift */ = {isa = PBXFileReference; lastKnownFileType = sourcecode.swift; path = LogIn.swift; sourceTree = "<group>"; };
		7DBE291C297F3C2200A6DB06 /* Poppins-Medium.ttf */ = {isa = PBXFileReference; lastKnownFileType = file; path = "Poppins-Medium.ttf"; sourceTree = "<group>"; };
		7DBE291D297F3C2200A6DB06 /* Poppins-BlackItalic.ttf */ = {isa = PBXFileReference; lastKnownFileType = file; path = "Poppins-BlackItalic.ttf"; sourceTree = "<group>"; };
		7DBE291E297F3C2200A6DB06 /* Poppins-SemiBold.ttf */ = {isa = PBXFileReference; lastKnownFileType = file; path = "Poppins-SemiBold.ttf"; sourceTree = "<group>"; };
		7DBE291F297F3C2200A6DB06 /* Poppins-SemiBoldItalic.ttf */ = {isa = PBXFileReference; lastKnownFileType = file; path = "Poppins-SemiBoldItalic.ttf"; sourceTree = "<group>"; };
		7DBE2920297F3C2200A6DB06 /* Poppins-Bold.ttf */ = {isa = PBXFileReference; lastKnownFileType = file; path = "Poppins-Bold.ttf"; sourceTree = "<group>"; };
		7DBE2921297F3C2200A6DB06 /* Poppins-ExtraBoldItalic.ttf */ = {isa = PBXFileReference; lastKnownFileType = file; path = "Poppins-ExtraBoldItalic.ttf"; sourceTree = "<group>"; };
		7DBE2922297F3C2200A6DB06 /* Poppins-BoldItalic.ttf */ = {isa = PBXFileReference; lastKnownFileType = file; path = "Poppins-BoldItalic.ttf"; sourceTree = "<group>"; };
		7DBE2923297F3C2300A6DB06 /* Poppins-ExtraLight.ttf */ = {isa = PBXFileReference; lastKnownFileType = file; path = "Poppins-ExtraLight.ttf"; sourceTree = "<group>"; };
		7DBE2924297F3C2400A6DB06 /* Poppins-MediumItalic.ttf */ = {isa = PBXFileReference; lastKnownFileType = file; path = "Poppins-MediumItalic.ttf"; sourceTree = "<group>"; };
		7DBE2925297F3C2400A6DB06 /* Poppins-Thin.ttf */ = {isa = PBXFileReference; lastKnownFileType = file; path = "Poppins-Thin.ttf"; sourceTree = "<group>"; };
		7DBE2926297F3C2400A6DB06 /* Poppins-ExtraBold.ttf */ = {isa = PBXFileReference; lastKnownFileType = file; path = "Poppins-ExtraBold.ttf"; sourceTree = "<group>"; };
		7DBE2927297F3C2400A6DB06 /* Poppins-Light.ttf */ = {isa = PBXFileReference; lastKnownFileType = file; path = "Poppins-Light.ttf"; sourceTree = "<group>"; };
		7DBE2928297F3C2400A6DB06 /* Poppins-Regular.ttf */ = {isa = PBXFileReference; lastKnownFileType = file; path = "Poppins-Regular.ttf"; sourceTree = "<group>"; };
		7DBE2929297F3C2400A6DB06 /* Poppins-ExtraLightItalic.ttf */ = {isa = PBXFileReference; lastKnownFileType = file; path = "Poppins-ExtraLightItalic.ttf"; sourceTree = "<group>"; };
		7DBE292A297F3C2400A6DB06 /* Poppins-LightItalic.ttf */ = {isa = PBXFileReference; lastKnownFileType = file; path = "Poppins-LightItalic.ttf"; sourceTree = "<group>"; };
		7DBE292B297F3C2400A6DB06 /* Poppins-Black.ttf */ = {isa = PBXFileReference; lastKnownFileType = file; path = "Poppins-Black.ttf"; sourceTree = "<group>"; };
		7DBE292C297F3C2400A6DB06 /* Poppins-Italic.ttf */ = {isa = PBXFileReference; lastKnownFileType = file; path = "Poppins-Italic.ttf"; sourceTree = "<group>"; };
		7DBE292D297F3C2500A6DB06 /* Poppins-ThinItalic.ttf */ = {isa = PBXFileReference; lastKnownFileType = file; path = "Poppins-ThinItalic.ttf"; sourceTree = "<group>"; };
		7DBE2940297F3D4200A6DB06 /* Info.plist */ = {isa = PBXFileReference; lastKnownFileType = text.plist; path = Info.plist; sourceTree = "<group>"; };
		7DBE2943297F4F8600A6DB06 /* Settings.swift */ = {isa = PBXFileReference; lastKnownFileType = sourcecode.swift; path = Settings.swift; sourceTree = "<group>"; };
		7DBE2945297F50E100A6DB06 /* FindFriends.swift */ = {isa = PBXFileReference; lastKnownFileType = sourcecode.swift; path = FindFriends.swift; sourceTree = "<group>"; };
		B46B42792981A74A00DFB1D1 /* EditProfile.swift */ = {isa = PBXFileReference; lastKnownFileType = sourcecode.swift; path = EditProfile.swift; sourceTree = "<group>"; };
/* End PBXFileReference section */

/* Begin PBXFrameworksBuildPhase section */
		7DBE28AD297F30BF00A6DB06 /* Frameworks */ = {
			isa = PBXFrameworksBuildPhase;
			buildActionMask = 2147483647;
			files = (
				7DBE28F6297F348800A6DB06 /* FirebaseDatabase in Frameworks */,
				7DBE2904297F348800A6DB06 /* FirebaseFunctionsCombine-Community in Frameworks */,
				7DBE28FC297F348800A6DB06 /* FirebaseFirestore in Frameworks */,
				7DBE28E8297F348800A6DB06 /* FirebaseAnalyticsSwift in Frameworks */,
				7DBE28E4297F348800A6DB06 /* FirebaseAnalytics in Frameworks */,
				7DBE28E6297F348800A6DB06 /* FirebaseAnalyticsOnDeviceConversion in Frameworks */,
				7DBE290C297F348800A6DB06 /* FirebaseMLModelDownloader in Frameworks */,
				7DBE2900297F348800A6DB06 /* FirebaseFirestoreSwift in Frameworks */,
				7DBE28EC297F348800A6DB06 /* FirebaseAppCheck in Frameworks */,
				7DBE28EA297F348800A6DB06 /* FirebaseAnalyticsWithoutAdIdSupport in Frameworks */,
				7DBE28F0297F348800A6DB06 /* FirebaseAuth in Frameworks */,
				7DBE28F4297F348800A6DB06 /* FirebaseCrashlytics in Frameworks */,
				7DBE2914297F348800A6DB06 /* FirebaseRemoteConfigSwift in Frameworks */,
				7DBE2906297F348800A6DB06 /* FirebaseInAppMessaging-Beta in Frameworks */,
				7DBE28F8297F348800A6DB06 /* FirebaseDatabaseSwift in Frameworks */,
				7DBE2902297F348800A6DB06 /* FirebaseFunctions in Frameworks */,
				7DBE2918297F348800A6DB06 /* FirebaseStorageCombine-Community in Frameworks */,
				7DBE2912297F348800A6DB06 /* FirebaseRemoteConfig in Frameworks */,
				7DBE28EE297F348800A6DB06 /* FirebaseAppDistribution-Beta in Frameworks */,
				7DBE28F2297F348800A6DB06 /* FirebaseAuthCombine-Community in Frameworks */,
				7DBE2910297F348800A6DB06 /* FirebasePerformance in Frameworks */,
				7DBE2908297F348800A6DB06 /* FirebaseInAppMessagingSwift-Beta in Frameworks */,
				7DBE2916297F348800A6DB06 /* FirebaseStorage in Frameworks */,
				7DBE28FA297F348800A6DB06 /* FirebaseDynamicLinks in Frameworks */,
				7DBE28FE297F348800A6DB06 /* FirebaseFirestoreCombine-Community in Frameworks */,
				7DBE290E297F348800A6DB06 /* FirebaseMessaging in Frameworks */,
				7DBE290A297F348800A6DB06 /* FirebaseInstallations in Frameworks */,
			);
			runOnlyForDeploymentPostprocessing = 0;
		};
		7DBE28BD297F30C100A6DB06 /* Frameworks */ = {
			isa = PBXFrameworksBuildPhase;
			buildActionMask = 2147483647;
			files = (
			);
			runOnlyForDeploymentPostprocessing = 0;
		};
		7DBE28C7297F30C100A6DB06 /* Frameworks */ = {
			isa = PBXFrameworksBuildPhase;
			buildActionMask = 2147483647;
			files = (
			);
			runOnlyForDeploymentPostprocessing = 0;
		};
/* End PBXFrameworksBuildPhase section */

/* Begin PBXGroup section */
		7DBE28A7297F30BF00A6DB06 = {
			isa = PBXGroup;
			children = (
				7DBE28B2297F30BF00A6DB06 /* TuneIn */,
				7DBE28C3297F30C100A6DB06 /* TuneInTests */,
				7DBE28CD297F30C100A6DB06 /* TuneInUITests */,
				7DBE28B1297F30BF00A6DB06 /* Products */,
			);
			sourceTree = "<group>";
		};
		7DBE28B1297F30BF00A6DB06 /* Products */ = {
			isa = PBXGroup;
			children = (
				7DBE28B0297F30BF00A6DB06 /* TuneIn.app */,
				7DBE28C0297F30C100A6DB06 /* TuneInTests.xctest */,
				7DBE28CA297F30C100A6DB06 /* TuneInUITests.xctest */,
			);
			name = Products;
			sourceTree = "<group>";
		};
		7DBE28B2297F30BF00A6DB06 /* TuneIn */ = {
			isa = PBXGroup;
			children = (
				7DBE28B5297F30BF00A6DB06 /* ContentView.swift */,
				7DBE2940297F3D4200A6DB06 /* Info.plist */,
				7DBE291B297F3BE100A6DB06 /* Fonts */,
				7DBE28E0297F33F500A6DB06 /* GoogleService-Info.plist */,
				7DBE28DF297F32C500A6DB06 /* ViewModels */,
				7DBE28DE297F32B700A6DB06 /* Views */,
				7DBE28DD297F32AF00A6DB06 /* Models */,
				7DBE28B7297F30C000A6DB06 /* Assets.xcassets */,
				7DBE28B9297F30C000A6DB06 /* Preview Content */,
			);
			path = TuneIn;
			sourceTree = "<group>";
		};
		7DBE28B9297F30C000A6DB06 /* Preview Content */ = {
			isa = PBXGroup;
			children = (
				7DBE28BA297F30C000A6DB06 /* Preview Assets.xcassets */,
			);
			path = "Preview Content";
			sourceTree = "<group>";
		};
		7DBE28C3297F30C100A6DB06 /* TuneInTests */ = {
			isa = PBXGroup;
			children = (
				7DBE28C4297F30C100A6DB06 /* TuneInTests.swift */,
			);
			path = TuneInTests;
			sourceTree = "<group>";
		};
		7DBE28CD297F30C100A6DB06 /* TuneInUITests */ = {
			isa = PBXGroup;
			children = (
				7DBE28CE297F30C100A6DB06 /* TuneInUITests.swift */,
				7DBE28D0297F30C100A6DB06 /* TuneInUITestsLaunchTests.swift */,
			);
			path = TuneInUITests;
			sourceTree = "<group>";
		};
		7DBE28DD297F32AF00A6DB06 /* Models */ = {
			isa = PBXGroup;
			children = (
			);
			path = Models;
			sourceTree = "<group>";
		};
		7DBE28DE297F32B700A6DB06 /* Views */ = {
			isa = PBXGroup;
			children = (
				7DBE2943297F4F8600A6DB06 /* Settings.swift */,
				7DBE28B3297F30BF00A6DB06 /* TuneInApp.swift */,
				7D242A4C2989FD0F00B77902 /* Feed.swift */,
				7DBE2919297F3ABF00A6DB06 /* LogIn.swift */,
				B46B42792981A74A00DFB1D1 /* EditProfile.swift */,
				7DBE2945297F50E100A6DB06 /* FindFriends.swift */,
				7D242A4A2989F0E200B77902 /* SongCard.swift */,
			);
			path = Views;
			sourceTree = "<group>";
		};
		7DBE28DF297F32C500A6DB06 /* ViewModels */ = {
			isa = PBXGroup;
			children = (
			);
			path = ViewModels;
			sourceTree = "<group>";
		};
		7DBE291B297F3BE100A6DB06 /* Fonts */ = {
			isa = PBXGroup;
			children = (
				7DBE292B297F3C2400A6DB06 /* Poppins-Black.ttf */,
				7DBE291D297F3C2200A6DB06 /* Poppins-BlackItalic.ttf */,
				7DBE2920297F3C2200A6DB06 /* Poppins-Bold.ttf */,
				7DBE2922297F3C2200A6DB06 /* Poppins-BoldItalic.ttf */,
				7DBE2926297F3C2400A6DB06 /* Poppins-ExtraBold.ttf */,
				7DBE2921297F3C2200A6DB06 /* Poppins-ExtraBoldItalic.ttf */,
				7DBE2923297F3C2300A6DB06 /* Poppins-ExtraLight.ttf */,
				7DBE2929297F3C2400A6DB06 /* Poppins-ExtraLightItalic.ttf */,
				7DBE292C297F3C2400A6DB06 /* Poppins-Italic.ttf */,
				7DBE2927297F3C2400A6DB06 /* Poppins-Light.ttf */,
				7DBE292A297F3C2400A6DB06 /* Poppins-LightItalic.ttf */,
				7DBE291C297F3C2200A6DB06 /* Poppins-Medium.ttf */,
				7DBE2924297F3C2400A6DB06 /* Poppins-MediumItalic.ttf */,
				7DBE2928297F3C2400A6DB06 /* Poppins-Regular.ttf */,
				7DBE291E297F3C2200A6DB06 /* Poppins-SemiBold.ttf */,
				7DBE291F297F3C2200A6DB06 /* Poppins-SemiBoldItalic.ttf */,
				7DBE2925297F3C2400A6DB06 /* Poppins-Thin.ttf */,
				7DBE292D297F3C2500A6DB06 /* Poppins-ThinItalic.ttf */,
			);
			path = Fonts;
			sourceTree = "<group>";
		};
/* End PBXGroup section */

/* Begin PBXNativeTarget section */
		7DBE28AF297F30BF00A6DB06 /* TuneIn */ = {
			isa = PBXNativeTarget;
			buildConfigurationList = 7DBE28D4297F30C100A6DB06 /* Build configuration list for PBXNativeTarget "TuneIn" */;
			buildPhases = (
				7DBE28AC297F30BF00A6DB06 /* Sources */,
				7DBE28AD297F30BF00A6DB06 /* Frameworks */,
				7DBE28AE297F30BF00A6DB06 /* Resources */,
			);
			buildRules = (
			);
			dependencies = (
			);
			name = TuneIn;
			packageProductDependencies = (
				7DBE28E3297F348800A6DB06 /* FirebaseAnalytics */,
				7DBE28E5297F348800A6DB06 /* FirebaseAnalyticsOnDeviceConversion */,
				7DBE28E7297F348800A6DB06 /* FirebaseAnalyticsSwift */,
				7DBE28E9297F348800A6DB06 /* FirebaseAnalyticsWithoutAdIdSupport */,
				7DBE28EB297F348800A6DB06 /* FirebaseAppCheck */,
				7DBE28ED297F348800A6DB06 /* FirebaseAppDistribution-Beta */,
				7DBE28EF297F348800A6DB06 /* FirebaseAuth */,
				7DBE28F1297F348800A6DB06 /* FirebaseAuthCombine-Community */,
				7DBE28F3297F348800A6DB06 /* FirebaseCrashlytics */,
				7DBE28F5297F348800A6DB06 /* FirebaseDatabase */,
				7DBE28F7297F348800A6DB06 /* FirebaseDatabaseSwift */,
				7DBE28F9297F348800A6DB06 /* FirebaseDynamicLinks */,
				7DBE28FB297F348800A6DB06 /* FirebaseFirestore */,
				7DBE28FD297F348800A6DB06 /* FirebaseFirestoreCombine-Community */,
				7DBE28FF297F348800A6DB06 /* FirebaseFirestoreSwift */,
				7DBE2901297F348800A6DB06 /* FirebaseFunctions */,
				7DBE2903297F348800A6DB06 /* FirebaseFunctionsCombine-Community */,
				7DBE2905297F348800A6DB06 /* FirebaseInAppMessaging-Beta */,
				7DBE2907297F348800A6DB06 /* FirebaseInAppMessagingSwift-Beta */,
				7DBE2909297F348800A6DB06 /* FirebaseInstallations */,
				7DBE290B297F348800A6DB06 /* FirebaseMLModelDownloader */,
				7DBE290D297F348800A6DB06 /* FirebaseMessaging */,
				7DBE290F297F348800A6DB06 /* FirebasePerformance */,
				7DBE2911297F348800A6DB06 /* FirebaseRemoteConfig */,
				7DBE2913297F348800A6DB06 /* FirebaseRemoteConfigSwift */,
				7DBE2915297F348800A6DB06 /* FirebaseStorage */,
				7DBE2917297F348800A6DB06 /* FirebaseStorageCombine-Community */,
			);
			productName = TuneIn;
			productReference = 7DBE28B0297F30BF00A6DB06 /* TuneIn.app */;
			productType = "com.apple.product-type.application";
		};
		7DBE28BF297F30C100A6DB06 /* TuneInTests */ = {
			isa = PBXNativeTarget;
			buildConfigurationList = 7DBE28D7297F30C100A6DB06 /* Build configuration list for PBXNativeTarget "TuneInTests" */;
			buildPhases = (
				7DBE28BC297F30C100A6DB06 /* Sources */,
				7DBE28BD297F30C100A6DB06 /* Frameworks */,
				7DBE28BE297F30C100A6DB06 /* Resources */,
			);
			buildRules = (
			);
			dependencies = (
				7DBE28C2297F30C100A6DB06 /* PBXTargetDependency */,
			);
			name = TuneInTests;
			productName = TuneInTests;
			productReference = 7DBE28C0297F30C100A6DB06 /* TuneInTests.xctest */;
			productType = "com.apple.product-type.bundle.unit-test";
		};
		7DBE28C9297F30C100A6DB06 /* TuneInUITests */ = {
			isa = PBXNativeTarget;
			buildConfigurationList = 7DBE28DA297F30C100A6DB06 /* Build configuration list for PBXNativeTarget "TuneInUITests" */;
			buildPhases = (
				7DBE28C6297F30C100A6DB06 /* Sources */,
				7DBE28C7297F30C100A6DB06 /* Frameworks */,
				7DBE28C8297F30C100A6DB06 /* Resources */,
			);
			buildRules = (
			);
			dependencies = (
				7DBE28CC297F30C100A6DB06 /* PBXTargetDependency */,
			);
			name = TuneInUITests;
			productName = TuneInUITests;
			productReference = 7DBE28CA297F30C100A6DB06 /* TuneInUITests.xctest */;
			productType = "com.apple.product-type.bundle.ui-testing";
		};
/* End PBXNativeTarget section */

/* Begin PBXProject section */
		7DBE28A8297F30BF00A6DB06 /* Project object */ = {
			isa = PBXProject;
			attributes = {
				BuildIndependentTargetsInParallel = 1;
				LastSwiftUpdateCheck = 1410;
				LastUpgradeCheck = 1410;
				TargetAttributes = {
					7DBE28AF297F30BF00A6DB06 = {
						CreatedOnToolsVersion = 14.1;
					};
					7DBE28BF297F30C100A6DB06 = {
						CreatedOnToolsVersion = 14.1;
						TestTargetID = 7DBE28AF297F30BF00A6DB06;
					};
					7DBE28C9297F30C100A6DB06 = {
						CreatedOnToolsVersion = 14.1;
						TestTargetID = 7DBE28AF297F30BF00A6DB06;
					};
				};
			};
			buildConfigurationList = 7DBE28AB297F30BF00A6DB06 /* Build configuration list for PBXProject "TuneIn" */;
			compatibilityVersion = "Xcode 14.0";
			developmentRegion = en;
			hasScannedForEncodings = 0;
			knownRegions = (
				en,
				Base,
			);
			mainGroup = 7DBE28A7297F30BF00A6DB06;
			packageReferences = (
				7DBE28E2297F348800A6DB06 /* XCRemoteSwiftPackageReference "firebase-ios-sdk" */,
			);
			productRefGroup = 7DBE28B1297F30BF00A6DB06 /* Products */;
			projectDirPath = "";
			projectRoot = "";
			targets = (
				7DBE28AF297F30BF00A6DB06 /* TuneIn */,
				7DBE28BF297F30C100A6DB06 /* TuneInTests */,
				7DBE28C9297F30C100A6DB06 /* TuneInUITests */,
			);
		};
/* End PBXProject section */

/* Begin PBXResourcesBuildPhase section */
		7DBE28AE297F30BF00A6DB06 /* Resources */ = {
			isa = PBXResourcesBuildPhase;
			buildActionMask = 2147483647;
			files = (
				7DBE28BB297F30C000A6DB06 /* Preview Assets.xcassets in Resources */,
				7DBE2939297F3C2500A6DB06 /* Poppins-Light.ttf in Resources */,
				7DBE2936297F3C2500A6DB06 /* Poppins-MediumItalic.ttf in Resources */,
				7DBE292E297F3C2500A6DB06 /* Poppins-Medium.ttf in Resources */,
				7DBE293B297F3C2500A6DB06 /* Poppins-ExtraLightItalic.ttf in Resources */,
				7DBE293D297F3C2500A6DB06 /* Poppins-Black.ttf in Resources */,
				7DBE2937297F3C2500A6DB06 /* Poppins-Thin.ttf in Resources */,
				7DBE292F297F3C2500A6DB06 /* Poppins-BlackItalic.ttf in Resources */,
				7DBE293C297F3C2500A6DB06 /* Poppins-LightItalic.ttf in Resources */,
				7DBE2933297F3C2500A6DB06 /* Poppins-ExtraBoldItalic.ttf in Resources */,
				7DBE293A297F3C2500A6DB06 /* Poppins-Regular.ttf in Resources */,
				7DBE2932297F3C2500A6DB06 /* Poppins-Bold.ttf in Resources */,
				7DBE293F297F3C2500A6DB06 /* Poppins-ThinItalic.ttf in Resources */,
				7DBE2931297F3C2500A6DB06 /* Poppins-SemiBoldItalic.ttf in Resources */,
				7DBE2930297F3C2500A6DB06 /* Poppins-SemiBold.ttf in Resources */,
				7DBE2935297F3C2500A6DB06 /* Poppins-ExtraLight.ttf in Resources */,
				7DBE2938297F3C2500A6DB06 /* Poppins-ExtraBold.ttf in Resources */,
				7DBE28E1297F33F500A6DB06 /* GoogleService-Info.plist in Resources */,
				7DBE28B8297F30C000A6DB06 /* Assets.xcassets in Resources */,
				7DBE293E297F3C2500A6DB06 /* Poppins-Italic.ttf in Resources */,
				7DBE2934297F3C2500A6DB06 /* Poppins-BoldItalic.ttf in Resources */,
			);
			runOnlyForDeploymentPostprocessing = 0;
		};
		7DBE28BE297F30C100A6DB06 /* Resources */ = {
			isa = PBXResourcesBuildPhase;
			buildActionMask = 2147483647;
			files = (
			);
			runOnlyForDeploymentPostprocessing = 0;
		};
		7DBE28C8297F30C100A6DB06 /* Resources */ = {
			isa = PBXResourcesBuildPhase;
			buildActionMask = 2147483647;
			files = (
			);
			runOnlyForDeploymentPostprocessing = 0;
		};
/* End PBXResourcesBuildPhase section */

/* Begin PBXSourcesBuildPhase section */
		7DBE28AC297F30BF00A6DB06 /* Sources */ = {
			isa = PBXSourcesBuildPhase;
			buildActionMask = 2147483647;
			files = (
				7DBE2946297F50E100A6DB06 /* FindFriends.swift in Sources */,
				7D242A4D2989FD0F00B77902 /* Feed.swift in Sources */,
				7DBE28B6297F30BF00A6DB06 /* ContentView.swift in Sources */,
				7DBE291A297F3ABF00A6DB06 /* LogIn.swift in Sources */,
				7DBE2944297F4F8600A6DB06 /* Settings.swift in Sources */,
				7D242A4B2989F0E200B77902 /* SongCard.swift in Sources */,
				7DBE28B4297F30BF00A6DB06 /* TuneInApp.swift in Sources */,
				B46B427A2981A74A00DFB1D1 /* EditProfile.swift in Sources */,
			);
			runOnlyForDeploymentPostprocessing = 0;
		};
		7DBE28BC297F30C100A6DB06 /* Sources */ = {
			isa = PBXSourcesBuildPhase;
			buildActionMask = 2147483647;
			files = (
				7DBE28C5297F30C100A6DB06 /* TuneInTests.swift in Sources */,
			);
			runOnlyForDeploymentPostprocessing = 0;
		};
		7DBE28C6297F30C100A6DB06 /* Sources */ = {
			isa = PBXSourcesBuildPhase;
			buildActionMask = 2147483647;
			files = (
				7DBE28CF297F30C100A6DB06 /* TuneInUITests.swift in Sources */,
				7DBE28D1297F30C100A6DB06 /* TuneInUITestsLaunchTests.swift in Sources */,
			);
			runOnlyForDeploymentPostprocessing = 0;
		};
/* End PBXSourcesBuildPhase section */

/* Begin PBXTargetDependency section */
		7DBE28C2297F30C100A6DB06 /* PBXTargetDependency */ = {
			isa = PBXTargetDependency;
			target = 7DBE28AF297F30BF00A6DB06 /* TuneIn */;
			targetProxy = 7DBE28C1297F30C100A6DB06 /* PBXContainerItemProxy */;
		};
		7DBE28CC297F30C100A6DB06 /* PBXTargetDependency */ = {
			isa = PBXTargetDependency;
			target = 7DBE28AF297F30BF00A6DB06 /* TuneIn */;
			targetProxy = 7DBE28CB297F30C100A6DB06 /* PBXContainerItemProxy */;
		};
/* End PBXTargetDependency section */

/* Begin XCBuildConfiguration section */
		7DBE28D2297F30C100A6DB06 /* Debug */ = {
			isa = XCBuildConfiguration;
			buildSettings = {
				ALWAYS_SEARCH_USER_PATHS = NO;
				CLANG_ANALYZER_NONNULL = YES;
				CLANG_ANALYZER_NUMBER_OBJECT_CONVERSION = YES_AGGRESSIVE;
				CLANG_CXX_LANGUAGE_STANDARD = "gnu++20";
				CLANG_ENABLE_MODULES = YES;
				CLANG_ENABLE_OBJC_ARC = YES;
				CLANG_ENABLE_OBJC_WEAK = YES;
				CLANG_WARN_BLOCK_CAPTURE_AUTORELEASING = YES;
				CLANG_WARN_BOOL_CONVERSION = YES;
				CLANG_WARN_COMMA = YES;
				CLANG_WARN_CONSTANT_CONVERSION = YES;
				CLANG_WARN_DEPRECATED_OBJC_IMPLEMENTATIONS = YES;
				CLANG_WARN_DIRECT_OBJC_ISA_USAGE = YES_ERROR;
				CLANG_WARN_DOCUMENTATION_COMMENTS = YES;
				CLANG_WARN_EMPTY_BODY = YES;
				CLANG_WARN_ENUM_CONVERSION = YES;
				CLANG_WARN_INFINITE_RECURSION = YES;
				CLANG_WARN_INT_CONVERSION = YES;
				CLANG_WARN_NON_LITERAL_NULL_CONVERSION = YES;
				CLANG_WARN_OBJC_IMPLICIT_RETAIN_SELF = YES;
				CLANG_WARN_OBJC_LITERAL_CONVERSION = YES;
				CLANG_WARN_OBJC_ROOT_CLASS = YES_ERROR;
				CLANG_WARN_QUOTED_INCLUDE_IN_FRAMEWORK_HEADER = YES;
				CLANG_WARN_RANGE_LOOP_ANALYSIS = YES;
				CLANG_WARN_STRICT_PROTOTYPES = YES;
				CLANG_WARN_SUSPICIOUS_MOVE = YES;
				CLANG_WARN_UNGUARDED_AVAILABILITY = YES_AGGRESSIVE;
				CLANG_WARN_UNREACHABLE_CODE = YES;
				CLANG_WARN__DUPLICATE_METHOD_MATCH = YES;
				COPY_PHASE_STRIP = NO;
				DEBUG_INFORMATION_FORMAT = dwarf;
				ENABLE_STRICT_OBJC_MSGSEND = YES;
				ENABLE_TESTABILITY = YES;
				GCC_C_LANGUAGE_STANDARD = gnu11;
				GCC_DYNAMIC_NO_PIC = NO;
				GCC_NO_COMMON_BLOCKS = YES;
				GCC_OPTIMIZATION_LEVEL = 0;
				GCC_PREPROCESSOR_DEFINITIONS = (
					"DEBUG=1",
					"$(inherited)",
				);
				GCC_WARN_64_TO_32_BIT_CONVERSION = YES;
				GCC_WARN_ABOUT_RETURN_TYPE = YES_ERROR;
				GCC_WARN_UNDECLARED_SELECTOR = YES;
				GCC_WARN_UNINITIALIZED_AUTOS = YES_AGGRESSIVE;
				GCC_WARN_UNUSED_FUNCTION = YES;
				GCC_WARN_UNUSED_VARIABLE = YES;
				IPHONEOS_DEPLOYMENT_TARGET = 16.1;
				MTL_ENABLE_DEBUG_INFO = INCLUDE_SOURCE;
				MTL_FAST_MATH = YES;
				ONLY_ACTIVE_ARCH = YES;
				SDKROOT = iphoneos;
				SWIFT_ACTIVE_COMPILATION_CONDITIONS = DEBUG;
				SWIFT_OPTIMIZATION_LEVEL = "-Onone";
			};
			name = Debug;
		};
		7DBE28D3297F30C100A6DB06 /* Release */ = {
			isa = XCBuildConfiguration;
			buildSettings = {
				ALWAYS_SEARCH_USER_PATHS = NO;
				CLANG_ANALYZER_NONNULL = YES;
				CLANG_ANALYZER_NUMBER_OBJECT_CONVERSION = YES_AGGRESSIVE;
				CLANG_CXX_LANGUAGE_STANDARD = "gnu++20";
				CLANG_ENABLE_MODULES = YES;
				CLANG_ENABLE_OBJC_ARC = YES;
				CLANG_ENABLE_OBJC_WEAK = YES;
				CLANG_WARN_BLOCK_CAPTURE_AUTORELEASING = YES;
				CLANG_WARN_BOOL_CONVERSION = YES;
				CLANG_WARN_COMMA = YES;
				CLANG_WARN_CONSTANT_CONVERSION = YES;
				CLANG_WARN_DEPRECATED_OBJC_IMPLEMENTATIONS = YES;
				CLANG_WARN_DIRECT_OBJC_ISA_USAGE = YES_ERROR;
				CLANG_WARN_DOCUMENTATION_COMMENTS = YES;
				CLANG_WARN_EMPTY_BODY = YES;
				CLANG_WARN_ENUM_CONVERSION = YES;
				CLANG_WARN_INFINITE_RECURSION = YES;
				CLANG_WARN_INT_CONVERSION = YES;
				CLANG_WARN_NON_LITERAL_NULL_CONVERSION = YES;
				CLANG_WARN_OBJC_IMPLICIT_RETAIN_SELF = YES;
				CLANG_WARN_OBJC_LITERAL_CONVERSION = YES;
				CLANG_WARN_OBJC_ROOT_CLASS = YES_ERROR;
				CLANG_WARN_QUOTED_INCLUDE_IN_FRAMEWORK_HEADER = YES;
				CLANG_WARN_RANGE_LOOP_ANALYSIS = YES;
				CLANG_WARN_STRICT_PROTOTYPES = YES;
				CLANG_WARN_SUSPICIOUS_MOVE = YES;
				CLANG_WARN_UNGUARDED_AVAILABILITY = YES_AGGRESSIVE;
				CLANG_WARN_UNREACHABLE_CODE = YES;
				CLANG_WARN__DUPLICATE_METHOD_MATCH = YES;
				COPY_PHASE_STRIP = NO;
				DEBUG_INFORMATION_FORMAT = "dwarf-with-dsym";
				ENABLE_NS_ASSERTIONS = NO;
				ENABLE_STRICT_OBJC_MSGSEND = YES;
				GCC_C_LANGUAGE_STANDARD = gnu11;
				GCC_NO_COMMON_BLOCKS = YES;
				GCC_WARN_64_TO_32_BIT_CONVERSION = YES;
				GCC_WARN_ABOUT_RETURN_TYPE = YES_ERROR;
				GCC_WARN_UNDECLARED_SELECTOR = YES;
				GCC_WARN_UNINITIALIZED_AUTOS = YES_AGGRESSIVE;
				GCC_WARN_UNUSED_FUNCTION = YES;
				GCC_WARN_UNUSED_VARIABLE = YES;
				IPHONEOS_DEPLOYMENT_TARGET = 16.1;
				MTL_ENABLE_DEBUG_INFO = NO;
				MTL_FAST_MATH = YES;
				SDKROOT = iphoneos;
				SWIFT_COMPILATION_MODE = wholemodule;
				SWIFT_OPTIMIZATION_LEVEL = "-O";
				VALIDATE_PRODUCT = YES;
			};
			name = Release;
		};
		7DBE28D5297F30C100A6DB06 /* Debug */ = {
			isa = XCBuildConfiguration;
			buildSettings = {
				ASSETCATALOG_COMPILER_APPICON_NAME = AppIcon;
				ASSETCATALOG_COMPILER_GLOBAL_ACCENT_COLOR_NAME = AccentColor;
				CODE_SIGN_STYLE = Automatic;
				CURRENT_PROJECT_VERSION = 1;
				DEVELOPMENT_ASSET_PATHS = "\"TuneIn/Preview Content\"";
				DEVELOPMENT_TEAM = AL3977Y2B7;
				ENABLE_PREVIEWS = YES;
				GENERATE_INFOPLIST_FILE = YES;
				INFOPLIST_FILE = TuneIn/Info.plist;
				INFOPLIST_KEY_UIApplicationSceneManifest_Generation = YES;
				INFOPLIST_KEY_UIApplicationSupportsIndirectInputEvents = YES;
				INFOPLIST_KEY_UILaunchScreen_Generation = YES;
				INFOPLIST_KEY_UISupportedInterfaceOrientations_iPad = "UIInterfaceOrientationPortrait UIInterfaceOrientationPortraitUpsideDown UIInterfaceOrientationLandscapeLeft UIInterfaceOrientationLandscapeRight";
				INFOPLIST_KEY_UISupportedInterfaceOrientations_iPhone = "UIInterfaceOrientationPortrait UIInterfaceOrientationLandscapeLeft UIInterfaceOrientationLandscapeRight";
				LD_RUNPATH_SEARCH_PATHS = (
					"$(inherited)",
					"@executable_path/Frameworks",
				);
				MARKETING_VERSION = 1.0;
				PRODUCT_BUNDLE_IDENTIFIER = "Hilly-Yehoshua.TuneIn";
				PRODUCT_NAME = "$(TARGET_NAME)";
				SWIFT_EMIT_LOC_STRINGS = YES;
				SWIFT_VERSION = 5.0;
				TARGETED_DEVICE_FAMILY = "1,2";
			};
			name = Debug;
		};
		7DBE28D6297F30C100A6DB06 /* Release */ = {
			isa = XCBuildConfiguration;
			buildSettings = {
				ASSETCATALOG_COMPILER_APPICON_NAME = AppIcon;
				ASSETCATALOG_COMPILER_GLOBAL_ACCENT_COLOR_NAME = AccentColor;
				CODE_SIGN_STYLE = Automatic;
				CURRENT_PROJECT_VERSION = 1;
				DEVELOPMENT_ASSET_PATHS = "\"TuneIn/Preview Content\"";
				DEVELOPMENT_TEAM = AL3977Y2B7;
				ENABLE_PREVIEWS = YES;
				GENERATE_INFOPLIST_FILE = YES;
				INFOPLIST_FILE = TuneIn/Info.plist;
				INFOPLIST_KEY_UIApplicationSceneManifest_Generation = YES;
				INFOPLIST_KEY_UIApplicationSupportsIndirectInputEvents = YES;
				INFOPLIST_KEY_UILaunchScreen_Generation = YES;
				INFOPLIST_KEY_UISupportedInterfaceOrientations_iPad = "UIInterfaceOrientationPortrait UIInterfaceOrientationPortraitUpsideDown UIInterfaceOrientationLandscapeLeft UIInterfaceOrientationLandscapeRight";
				INFOPLIST_KEY_UISupportedInterfaceOrientations_iPhone = "UIInterfaceOrientationPortrait UIInterfaceOrientationLandscapeLeft UIInterfaceOrientationLandscapeRight";
				LD_RUNPATH_SEARCH_PATHS = (
					"$(inherited)",
					"@executable_path/Frameworks",
				);
				MARKETING_VERSION = 1.0;
				PRODUCT_BUNDLE_IDENTIFIER = "Hilly-Yehoshua.TuneIn";
				PRODUCT_NAME = "$(TARGET_NAME)";
				SWIFT_EMIT_LOC_STRINGS = YES;
				SWIFT_VERSION = 5.0;
				TARGETED_DEVICE_FAMILY = "1,2";
			};
			name = Release;
		};
		7DBE28D8297F30C100A6DB06 /* Debug */ = {
			isa = XCBuildConfiguration;
			buildSettings = {
				ALWAYS_EMBED_SWIFT_STANDARD_LIBRARIES = YES;
				BUNDLE_LOADER = "$(TEST_HOST)";
				CODE_SIGN_STYLE = Automatic;
				CURRENT_PROJECT_VERSION = 1;
				DEVELOPMENT_TEAM = AL3977Y2B7;
				GENERATE_INFOPLIST_FILE = YES;
				IPHONEOS_DEPLOYMENT_TARGET = 16.1;
				MARKETING_VERSION = 1.0;
				PRODUCT_BUNDLE_IDENTIFIER = "Hilly-Yehoshua.TuneInTests";
				PRODUCT_NAME = "$(TARGET_NAME)";
				SWIFT_EMIT_LOC_STRINGS = NO;
				SWIFT_VERSION = 5.0;
				TARGETED_DEVICE_FAMILY = "1,2";
				TEST_HOST = "$(BUILT_PRODUCTS_DIR)/TuneIn.app/$(BUNDLE_EXECUTABLE_FOLDER_PATH)/TuneIn";
			};
			name = Debug;
		};
		7DBE28D9297F30C100A6DB06 /* Release */ = {
			isa = XCBuildConfiguration;
			buildSettings = {
				ALWAYS_EMBED_SWIFT_STANDARD_LIBRARIES = YES;
				BUNDLE_LOADER = "$(TEST_HOST)";
				CODE_SIGN_STYLE = Automatic;
				CURRENT_PROJECT_VERSION = 1;
				DEVELOPMENT_TEAM = AL3977Y2B7;
				GENERATE_INFOPLIST_FILE = YES;
				IPHONEOS_DEPLOYMENT_TARGET = 16.1;
				MARKETING_VERSION = 1.0;
				PRODUCT_BUNDLE_IDENTIFIER = "Hilly-Yehoshua.TuneInTests";
				PRODUCT_NAME = "$(TARGET_NAME)";
				SWIFT_EMIT_LOC_STRINGS = NO;
				SWIFT_VERSION = 5.0;
				TARGETED_DEVICE_FAMILY = "1,2";
				TEST_HOST = "$(BUILT_PRODUCTS_DIR)/TuneIn.app/$(BUNDLE_EXECUTABLE_FOLDER_PATH)/TuneIn";
			};
			name = Release;
		};
		7DBE28DB297F30C100A6DB06 /* Debug */ = {
			isa = XCBuildConfiguration;
			buildSettings = {
				ALWAYS_EMBED_SWIFT_STANDARD_LIBRARIES = YES;
				CODE_SIGN_STYLE = Automatic;
				CURRENT_PROJECT_VERSION = 1;
				DEVELOPMENT_TEAM = AL3977Y2B7;
				GENERATE_INFOPLIST_FILE = YES;
				MARKETING_VERSION = 1.0;
				PRODUCT_BUNDLE_IDENTIFIER = "Hilly-Yehoshua.TuneInUITests";
				PRODUCT_NAME = "$(TARGET_NAME)";
				SWIFT_EMIT_LOC_STRINGS = NO;
				SWIFT_VERSION = 5.0;
				TARGETED_DEVICE_FAMILY = "1,2";
				TEST_TARGET_NAME = TuneIn;
			};
			name = Debug;
		};
		7DBE28DC297F30C100A6DB06 /* Release */ = {
			isa = XCBuildConfiguration;
			buildSettings = {
				ALWAYS_EMBED_SWIFT_STANDARD_LIBRARIES = YES;
				CODE_SIGN_STYLE = Automatic;
				CURRENT_PROJECT_VERSION = 1;
				DEVELOPMENT_TEAM = AL3977Y2B7;
				GENERATE_INFOPLIST_FILE = YES;
				MARKETING_VERSION = 1.0;
				PRODUCT_BUNDLE_IDENTIFIER = "Hilly-Yehoshua.TuneInUITests";
				PRODUCT_NAME = "$(TARGET_NAME)";
				SWIFT_EMIT_LOC_STRINGS = NO;
				SWIFT_VERSION = 5.0;
				TARGETED_DEVICE_FAMILY = "1,2";
				TEST_TARGET_NAME = TuneIn;
			};
			name = Release;
		};
/* End XCBuildConfiguration section */

/* Begin XCConfigurationList section */
		7DBE28AB297F30BF00A6DB06 /* Build configuration list for PBXProject "TuneIn" */ = {
			isa = XCConfigurationList;
			buildConfigurations = (
				7DBE28D2297F30C100A6DB06 /* Debug */,
				7DBE28D3297F30C100A6DB06 /* Release */,
			);
			defaultConfigurationIsVisible = 0;
			defaultConfigurationName = Release;
		};
		7DBE28D4297F30C100A6DB06 /* Build configuration list for PBXNativeTarget "TuneIn" */ = {
			isa = XCConfigurationList;
			buildConfigurations = (
				7DBE28D5297F30C100A6DB06 /* Debug */,
				7DBE28D6297F30C100A6DB06 /* Release */,
			);
			defaultConfigurationIsVisible = 0;
			defaultConfigurationName = Release;
		};
		7DBE28D7297F30C100A6DB06 /* Build configuration list for PBXNativeTarget "TuneInTests" */ = {
			isa = XCConfigurationList;
			buildConfigurations = (
				7DBE28D8297F30C100A6DB06 /* Debug */,
				7DBE28D9297F30C100A6DB06 /* Release */,
			);
			defaultConfigurationIsVisible = 0;
			defaultConfigurationName = Release;
		};
		7DBE28DA297F30C100A6DB06 /* Build configuration list for PBXNativeTarget "TuneInUITests" */ = {
			isa = XCConfigurationList;
			buildConfigurations = (
				7DBE28DB297F30C100A6DB06 /* Debug */,
				7DBE28DC297F30C100A6DB06 /* Release */,
			);
			defaultConfigurationIsVisible = 0;
			defaultConfigurationName = Release;
		};
/* End XCConfigurationList section */

/* Begin XCRemoteSwiftPackageReference section */
		7DBE28E2297F348800A6DB06 /* XCRemoteSwiftPackageReference "firebase-ios-sdk" */ = {
			isa = XCRemoteSwiftPackageReference;
			repositoryURL = "https://github.com/firebase/firebase-ios-sdk";
			requirement = {
				branch = master;
				kind = branch;
			};
		};
/* End XCRemoteSwiftPackageReference section */

/* Begin XCSwiftPackageProductDependency section */
		7DBE28E3297F348800A6DB06 /* FirebaseAnalytics */ = {
			isa = XCSwiftPackageProductDependency;
			package = 7DBE28E2297F348800A6DB06 /* XCRemoteSwiftPackageReference "firebase-ios-sdk" */;
			productName = FirebaseAnalytics;
		};
		7DBE28E5297F348800A6DB06 /* FirebaseAnalyticsOnDeviceConversion */ = {
			isa = XCSwiftPackageProductDependency;
			package = 7DBE28E2297F348800A6DB06 /* XCRemoteSwiftPackageReference "firebase-ios-sdk" */;
			productName = FirebaseAnalyticsOnDeviceConversion;
		};
		7DBE28E7297F348800A6DB06 /* FirebaseAnalyticsSwift */ = {
			isa = XCSwiftPackageProductDependency;
			package = 7DBE28E2297F348800A6DB06 /* XCRemoteSwiftPackageReference "firebase-ios-sdk" */;
			productName = FirebaseAnalyticsSwift;
		};
		7DBE28E9297F348800A6DB06 /* FirebaseAnalyticsWithoutAdIdSupport */ = {
			isa = XCSwiftPackageProductDependency;
			package = 7DBE28E2297F348800A6DB06 /* XCRemoteSwiftPackageReference "firebase-ios-sdk" */;
			productName = FirebaseAnalyticsWithoutAdIdSupport;
		};
		7DBE28EB297F348800A6DB06 /* FirebaseAppCheck */ = {
			isa = XCSwiftPackageProductDependency;
			package = 7DBE28E2297F348800A6DB06 /* XCRemoteSwiftPackageReference "firebase-ios-sdk" */;
			productName = FirebaseAppCheck;
		};
		7DBE28ED297F348800A6DB06 /* FirebaseAppDistribution-Beta */ = {
			isa = XCSwiftPackageProductDependency;
			package = 7DBE28E2297F348800A6DB06 /* XCRemoteSwiftPackageReference "firebase-ios-sdk" */;
			productName = "FirebaseAppDistribution-Beta";
		};
		7DBE28EF297F348800A6DB06 /* FirebaseAuth */ = {
			isa = XCSwiftPackageProductDependency;
			package = 7DBE28E2297F348800A6DB06 /* XCRemoteSwiftPackageReference "firebase-ios-sdk" */;
			productName = FirebaseAuth;
		};
		7DBE28F1297F348800A6DB06 /* FirebaseAuthCombine-Community */ = {
			isa = XCSwiftPackageProductDependency;
			package = 7DBE28E2297F348800A6DB06 /* XCRemoteSwiftPackageReference "firebase-ios-sdk" */;
			productName = "FirebaseAuthCombine-Community";
		};
		7DBE28F3297F348800A6DB06 /* FirebaseCrashlytics */ = {
			isa = XCSwiftPackageProductDependency;
			package = 7DBE28E2297F348800A6DB06 /* XCRemoteSwiftPackageReference "firebase-ios-sdk" */;
			productName = FirebaseCrashlytics;
		};
		7DBE28F5297F348800A6DB06 /* FirebaseDatabase */ = {
			isa = XCSwiftPackageProductDependency;
			package = 7DBE28E2297F348800A6DB06 /* XCRemoteSwiftPackageReference "firebase-ios-sdk" */;
			productName = FirebaseDatabase;
		};
		7DBE28F7297F348800A6DB06 /* FirebaseDatabaseSwift */ = {
			isa = XCSwiftPackageProductDependency;
			package = 7DBE28E2297F348800A6DB06 /* XCRemoteSwiftPackageReference "firebase-ios-sdk" */;
			productName = FirebaseDatabaseSwift;
		};
		7DBE28F9297F348800A6DB06 /* FirebaseDynamicLinks */ = {
			isa = XCSwiftPackageProductDependency;
			package = 7DBE28E2297F348800A6DB06 /* XCRemoteSwiftPackageReference "firebase-ios-sdk" */;
			productName = FirebaseDynamicLinks;
		};
		7DBE28FB297F348800A6DB06 /* FirebaseFirestore */ = {
			isa = XCSwiftPackageProductDependency;
			package = 7DBE28E2297F348800A6DB06 /* XCRemoteSwiftPackageReference "firebase-ios-sdk" */;
			productName = FirebaseFirestore;
		};
		7DBE28FD297F348800A6DB06 /* FirebaseFirestoreCombine-Community */ = {
			isa = XCSwiftPackageProductDependency;
			package = 7DBE28E2297F348800A6DB06 /* XCRemoteSwiftPackageReference "firebase-ios-sdk" */;
			productName = "FirebaseFirestoreCombine-Community";
		};
		7DBE28FF297F348800A6DB06 /* FirebaseFirestoreSwift */ = {
			isa = XCSwiftPackageProductDependency;
			package = 7DBE28E2297F348800A6DB06 /* XCRemoteSwiftPackageReference "firebase-ios-sdk" */;
			productName = FirebaseFirestoreSwift;
		};
		7DBE2901297F348800A6DB06 /* FirebaseFunctions */ = {
			isa = XCSwiftPackageProductDependency;
			package = 7DBE28E2297F348800A6DB06 /* XCRemoteSwiftPackageReference "firebase-ios-sdk" */;
			productName = FirebaseFunctions;
		};
		7DBE2903297F348800A6DB06 /* FirebaseFunctionsCombine-Community */ = {
			isa = XCSwiftPackageProductDependency;
			package = 7DBE28E2297F348800A6DB06 /* XCRemoteSwiftPackageReference "firebase-ios-sdk" */;
			productName = "FirebaseFunctionsCombine-Community";
		};
		7DBE2905297F348800A6DB06 /* FirebaseInAppMessaging-Beta */ = {
			isa = XCSwiftPackageProductDependency;
			package = 7DBE28E2297F348800A6DB06 /* XCRemoteSwiftPackageReference "firebase-ios-sdk" */;
			productName = "FirebaseInAppMessaging-Beta";
		};
		7DBE2907297F348800A6DB06 /* FirebaseInAppMessagingSwift-Beta */ = {
			isa = XCSwiftPackageProductDependency;
			package = 7DBE28E2297F348800A6DB06 /* XCRemoteSwiftPackageReference "firebase-ios-sdk" */;
			productName = "FirebaseInAppMessagingSwift-Beta";
		};
		7DBE2909297F348800A6DB06 /* FirebaseInstallations */ = {
			isa = XCSwiftPackageProductDependency;
			package = 7DBE28E2297F348800A6DB06 /* XCRemoteSwiftPackageReference "firebase-ios-sdk" */;
			productName = FirebaseInstallations;
		};
		7DBE290B297F348800A6DB06 /* FirebaseMLModelDownloader */ = {
			isa = XCSwiftPackageProductDependency;
			package = 7DBE28E2297F348800A6DB06 /* XCRemoteSwiftPackageReference "firebase-ios-sdk" */;
			productName = FirebaseMLModelDownloader;
		};
		7DBE290D297F348800A6DB06 /* FirebaseMessaging */ = {
			isa = XCSwiftPackageProductDependency;
			package = 7DBE28E2297F348800A6DB06 /* XCRemoteSwiftPackageReference "firebase-ios-sdk" */;
			productName = FirebaseMessaging;
		};
		7DBE290F297F348800A6DB06 /* FirebasePerformance */ = {
			isa = XCSwiftPackageProductDependency;
			package = 7DBE28E2297F348800A6DB06 /* XCRemoteSwiftPackageReference "firebase-ios-sdk" */;
			productName = FirebasePerformance;
		};
		7DBE2911297F348800A6DB06 /* FirebaseRemoteConfig */ = {
			isa = XCSwiftPackageProductDependency;
			package = 7DBE28E2297F348800A6DB06 /* XCRemoteSwiftPackageReference "firebase-ios-sdk" */;
			productName = FirebaseRemoteConfig;
		};
		7DBE2913297F348800A6DB06 /* FirebaseRemoteConfigSwift */ = {
			isa = XCSwiftPackageProductDependency;
			package = 7DBE28E2297F348800A6DB06 /* XCRemoteSwiftPackageReference "firebase-ios-sdk" */;
			productName = FirebaseRemoteConfigSwift;
		};
		7DBE2915297F348800A6DB06 /* FirebaseStorage */ = {
			isa = XCSwiftPackageProductDependency;
			package = 7DBE28E2297F348800A6DB06 /* XCRemoteSwiftPackageReference "firebase-ios-sdk" */;
			productName = FirebaseStorage;
		};
		7DBE2917297F348800A6DB06 /* FirebaseStorageCombine-Community */ = {
			isa = XCSwiftPackageProductDependency;
			package = 7DBE28E2297F348800A6DB06 /* XCRemoteSwiftPackageReference "firebase-ios-sdk" */;
			productName = "FirebaseStorageCombine-Community";
		};
/* End XCSwiftPackageProductDependency section */
	};
	rootObject = 7DBE28A8297F30BF00A6DB06 /* Project object */;
}
